
Microsoft Visual Studio Solution File, Format Version 12.00
# Visual Studio 14
VisualStudioVersion = 14.0.25420.1
MinimumVisualStudioVersion = 10.0.40219.1
Project("{8BC9CEB8-8B4A-11D0-8D11-00A0C91BC942}") = "Polynomials", "Polynomials\Polynomials.vcxproj", "{F8177727-9A33-44E9-A2D9-E70A1FEC73ED}"
EndProject
Project("{8BC9CEB8-8B4A-11D0-8D11-00A0C91BC942}") = "tests", "tests\tests.vcxproj", "{497B1C90-0559-4C9B-9616-F784587F788E}"
EndProject
Project("{8BC9CEB8-8B4A-11D0-8D11-00A0C91BC942}") = "gtest", "gtest\gtest.vcxproj", "{1F8E9844-D022-4D6D-8482-E2792247844A}"
EndProject
Global
	GlobalSection(SolutionConfigurationPlatforms) = preSolution
		Debug|x64 = Debug|x64
		Debug|x86 = Debug|x86
		Release|x64 = Release|x64
		Release|x86 = Release|x86
	EndGlobalSection
	GlobalSection(ProjectConfigurationPlatforms) = postSolution
		{F8177727-9A33-44E9-A2D9-E70A1FEC73ED}.Debug|x64.ActiveCfg = Debug|x64
		{F8177727-9A33-44E9-A2D9-E70A1FEC73ED}.Debug|x64.Build.0 = Debug|x64
		{F8177727-9A33-44E9-A2D9-E70A1FEC73ED}.Debug|x86.ActiveCfg = Debug|Win32
		{F8177727-9A33-44E9-A2D9-E70A1FEC73ED}.Debug|x86.Build.0 = Debug|Win32
		{F8177727-9A33-44E9-A2D9-E70A1FEC73ED}.Release|x64.ActiveCfg = Release|x64
		{F8177727-9A33-44E9-A2D9-E70A1FEC73ED}.Release|x64.Build.0 = Release|x64
		{F8177727-9A33-44E9-A2D9-E70A1FEC73ED}.Release|x86.ActiveCfg = Release|Win32
		{F8177727-9A33-44E9-A2D9-E70A1FEC73ED}.Release|x86.Build.0 = Release|Win32
		{497B1C90-0559-4C9B-9616-F784587F788E}.Debug|x64.ActiveCfg = Debug|x64
		{497B1C90-0559-4C9B-9616-F784587F788E}.Debug|x64.Build.0 = Debug|x64
		{497B1C90-0559-4C9B-9616-F784587F788E}.Debug|x86.ActiveCfg = Debug|Win32
		{497B1C90-0559-4C9B-9616-F784587F788E}.Debug|x86.Build.0 = Debug|Win32
		{497B1C90-0559-4C9B-9616-F784587F788E}.Release|x64.ActiveCfg = Release|x64
		{497B1C90-0559-4C9B-9616-F784587F788E}.Release|x64.Build.0 = Release|x64
		{497B1C90-0559-4C9B-9616-F784587F788E}.Release|x86.ActiveCfg = Release|Win32
		{497B1C90-0559-4C9B-9616-F784587F788E}.Release|x86.Build.0 = Release|Win32
		{1F8E9844-D022-4D6D-8482-E2792247844A}.Debug|x64.ActiveCfg = Debug|x64
		{1F8E9844-D022-4D6D-8482-E2792247844A}.Debug|x64.Build.0 = Debug|x64
		{1F8E9844-D022-4D6D-8482-E2792247844A}.Debug|x86.ActiveCfg = Debug|Win32
		{1F8E9844-D022-4D6D-8482-E2792247844A}.Debug|x86.Build.0 = Debug|Win32
		{1F8E9844-D022-4D6D-8482-E2792247844A}.Release|x64.ActiveCfg = Release|x64
		{1F8E9844-D022-4D6D-8482-E2792247844A}.Release|x64.Build.0 = Release|x64
		{1F8E9844-D022-4D6D-8482-E2792247844A}.Release|x86.ActiveCfg = Release|Win32
		{1F8E9844-D022-4D6D-8482-E2792247844A}.Release|x86.Build.0 = Release|Win32
	EndGlobalSection
	GlobalSection(SolutionProperties) = preSolution
		HideSolutionNode = FALSE
	EndGlobalSection
EndGlobal
